{
  "name": "test-npm",
  "version": "1.0.0",
  "lockfileVersion": 2,
  "requires": true,
  "packages": {
    "": {
      "name": "test-npm",
      "version": "1.0.0",
      "license": "ISC",
      "dependencies": {
        "suncalc3": "^2.0.5"
      }
    },
    "node_modules/suncalc3": {
      "version": "2.0.5",
      "resolved": "https://registry.npmjs.org/suncalc3/-/suncalc3-2.0.5.tgz",
      "integrity": "sha512-Hi8earJouQOzxwSoRjF75d8kl8ZzX/Zwzsr6pKkdgP1rNnOenPRrB6GDhx56j6PeOdghQCos/rA4YT95oqOvcA=="
    }
  },
  "dependencies": {
    "suncalc3": {
      "version": "2.0.5",
      "resolved": "https://registry.npmjs.org/suncalc3/-/suncalc3-2.0.5.tgz",
      "integrity": "sha512-Hi8earJouQOzxwSoRjF75d8kl8ZzX/Zwzsr6pKkdgP1rNnOenPRrB6GDhx56j6PeOdghQCos/rA4YT95oqOvcA=="
    }
  }
}
